{
  "version": 4,
  "terraform_version": "1.7.5",
  "serial": 1,
  "lineage": "9a2f3dd3-bad2-8fe6-dcc4-ac263104cf0d",
  "outputs": {},
  "resources": [
    {
      "mode": "managed",
      "type": "local_file",
      "name": "dev",
      "provider": "provider[\"registry.terraform.io/hashicorp/local\"]",
      "instances": [
        {
          "schema_version": 0,
          "attributes": {
            "content": "I am creating file using terraform",
            "content_base64": null,
            "content_base64sha256": "zw7EHKsnaXelkpABQK2OJAjCcR4uEMgDGQJ9NRmWwNM=",
            "content_base64sha512": "o8b16DmquqZQJ02ZQIlcvJXBv90cav+xZHCH0JLiAlPZPedck44zf832qQGO64FTuY2eaYOOCa6G5QYzQRV9Lg==",
            "content_md5": "53679502de84cbcaf7b974757f6103bd",
            "content_sha1": "7a73e5fa79f7064489f8102c718b03fc465e58a8",
            "content_sha256": "cf0ec41cab276977a592900140ad8e2408c2711e2e10c80319027d351996c0d3",
            "content_sha512": "a3c6f5e839aabaa650274d9940895cbc95c1bfdd1c6affb1647087d092e20253d93de75c938e337fcdf6a9018eeb8153b98d9e69838e09ae86e5063341157d2e",
            "directory_permission": "0777",
            "file_permission": "0777",
            "filename": "/home/ubuntu/terraform-basic/terraform-test/dev-auto.txt",
            "id": "7a73e5fa79f7064489f8102c718b03fc465e58a8",
            "sensitive_content": null,
            "source": null
          },
          "sensitive_attributes": []
        }
      ]
    }
  ],
  "check_results": null
}
