{
  "version": 4,
  "terraform_version": "1.7.5",
  "serial": 6,
  "lineage": "1dbaefbb-476e-f856-0157-3c53424fa842",
  "outputs": {
    "rand-str": {
      "value": [
        "HKJfAU"
      ],
      "type": [
        "tuple",
        [
          "string"
        ]
      ]
    }
  },
  "resources": [
    {
      "mode": "managed",
      "type": "local_file",
      "name": "devops",
      "provider": "provider[\"registry.terraform.io/hashicorp/local\"]",
      "instances": [
        {
          "schema_version": 0,
          "attributes": {
            "content": "I want to learn Terraform",
            "content_base64": null,
            "content_base64sha256": "GjeJVvOCksFL7UAQb5Z+oqOlMFTsQkcGZnXzN4FGVvU=",
            "content_base64sha512": "jeCTnbcmEpaKXbIQ6Af5FUmaLehY7jczaHuLvyc3VTWlyxx1SU+lkowP1eTDPfvHhWMsuSnBDAiSDC6+uC+85A==",
            "content_md5": "93a6b96648b2ef9f818b37c57444cf25",
            "content_sha1": "333acc93f38ddbd4e1d03749acbc8857708b511a",
            "content_sha256": "1a378956f38292c14bed40106f967ea2a3a53054ec4247066675f337814656f5",
            "content_sha512": "8de0939db72612968a5db210e807f915499a2de858ee3733687b8bbf27375535a5cb1c75494fa5928c0fd5e4c33dfbc785632cb929c10c08920c2ebeb82fbce4",
            "directory_permission": "0777",
            "file_permission": "0777",
            "filename": "/home/ubuntu/terraform-local/devops_automated.txt",
            "id": "333acc93f38ddbd4e1d03749acbc8857708b511a",
            "sensitive_content": null,
            "source": null
          },
          "sensitive_attributes": []
        }
      ]
    },
    {
      "mode": "managed",
      "type": "random_string",
      "name": "rand-str",
      "provider": "provider[\"registry.terraform.io/hashicorp/random\"]",
      "instances": [
        {
          "schema_version": 2,
          "attributes": {
            "id": "HKJfAU",
            "keepers": null,
            "length": 6,
            "lower": true,
            "min_lower": 0,
            "min_numeric": 0,
            "min_special": 0,
            "min_upper": 0,
            "number": true,
            "numeric": true,
            "override_special": "!#$%\u0026*()-_=+[]{}\u003c\u003e:?",
            "result": "HKJfAU",
            "special": true,
            "upper": true
          },
          "sensitive_attributes": []
        }
      ]
    }
  ],
  "check_results": null
}
