{
  "version": 4,
  "terraform_version": "1.7.5",
  "serial": 10,
  "lineage": "1dbaefbb-476e-f856-0157-3c53424fa842",
  "outputs": {
    "rand-str": {
      "value": [
        "5TkMSY0}]L"
      ],
      "type": [
        "tuple",
        [
          "string"
        ]
      ]
    }
  },
  "resources": [
    {
      "mode": "managed",
      "type": "local_file",
      "name": "devops",
      "provider": "provider[\"registry.terraform.io/hashicorp/local\"]",
      "instances": [
        {
          "schema_version": 0,
          "attributes": {
            "content": "I want to learn Terraform and Kubernetes",
            "content_base64": null,
            "content_base64sha256": "8I9S8bQuEaGoChZ2R0zjXnRbB5Gxb/5yfmdMqegKJmk=",
            "content_base64sha512": "w6owe8U+xo2PSBYRiqlZVeegPriX1dWdyzud2Qd2tf7ifyRViGOG3RLzZDk60ojo/cBn4vF9zmmCAcP72d+yIA==",
            "content_md5": "c5139d553f3eb3f6e2d864fbbe8ec7ad",
            "content_sha1": "26e8de16c5bab63ed84d918884fcb67d398b0824",
            "content_sha256": "f08f52f1b42e11a1a80a1676474ce35e745b0791b16ffe727e674ca9e80a2669",
            "content_sha512": "c3aa307bc53ec68d8f4816118aa95955e7a03eb897d5d59dcb3b9dd90776b5fee27f2455886386dd12f364393ad288e8fdc067e2f17dce698201c3fbd9dfb220",
            "directory_permission": "0777",
            "file_permission": "0777",
            "filename": "/home/ubuntu/terraform-local/devops_automatedfile.txt",
            "id": "26e8de16c5bab63ed84d918884fcb67d398b0824",
            "sensitive_content": null,
            "source": null
          },
          "sensitive_attributes": []
        }
      ]
    },
    {
      "mode": "managed",
      "type": "random_string",
      "name": "rand-str",
      "provider": "provider[\"registry.terraform.io/hashicorp/random\"]",
      "instances": [
        {
          "schema_version": 2,
          "attributes": {
            "id": "5TkMSY0}]L",
            "keepers": null,
            "length": 10,
            "lower": true,
            "min_lower": 0,
            "min_numeric": 0,
            "min_special": 0,
            "min_upper": 0,
            "number": true,
            "numeric": true,
            "override_special": "!#$%\u0026*()-_=+[]{}\u003c\u003e:?",
            "result": "5TkMSY0}]L",
            "special": true,
            "upper": true
          },
          "sensitive_attributes": []
        }
      ]
    }
  ],
  "check_results": null
}
